
Microsoft Visual Studio Solution File, Format Version 12.00
# Visual Studio 14
VisualStudioVersion = 14.0.25420.1
MinimumVisualStudioVersion = 10.0.40219.1
Project("{FAE04EC0-301F-11D3-BF4B-00C04F79EFBC}") = "LineTriangle", "LineTriangle.csproj", "{3DF886C1-8BB3-4B83-BE01-41AC268354C5}"
EndProject
Project("{FAE04EC0-301F-11D3-BF4B-00C04F79EFBC}") = "UnitTestLineTreangle", "..\UnitTestLineTreangle\UnitTestLineTreangle.csproj", "{DF7409CD-F624-4587-8390-AB81DD778FD5}"
EndProject
Global
	GlobalSection(SolutionConfigurationPlatforms) = preSolution
		Debug|Any CPU = Debug|Any CPU
		Release|Any CPU = Release|Any CPU
	EndGlobalSection
	GlobalSection(ProjectConfigurationPlatforms) = postSolution
		{3DF886C1-8BB3-4B83-BE01-41AC268354C5}.Debug|Any CPU.ActiveCfg = Debug|Any CPU
		{3DF886C1-8BB3-4B83-BE01-41AC268354C5}.Debug|Any CPU.Build.0 = Debug|Any CPU
		{3DF886C1-8BB3-4B83-BE01-41AC268354C5}.Release|Any CPU.ActiveCfg = Release|Any CPU
		{3DF886C1-8BB3-4B83-BE01-41AC268354C5}.Release|Any CPU.Build.0 = Release|Any CPU
		{DF7409CD-F624-4587-8390-AB81DD778FD5}.Debug|Any CPU.ActiveCfg = Debug|Any CPU
		{DF7409CD-F624-4587-8390-AB81DD778FD5}.Debug|Any CPU.Build.0 = Debug|Any CPU
		{DF7409CD-F624-4587-8390-AB81DD778FD5}.Release|Any CPU.ActiveCfg = Release|Any CPU
		{DF7409CD-F624-4587-8390-AB81DD778FD5}.Release|Any CPU.Build.0 = Release|Any CPU
	EndGlobalSection
	GlobalSection(SolutionProperties) = preSolution
		HideSolutionNode = FALSE
	EndGlobalSection
EndGlobal
